
Microsoft Visual Studio Solution File, Format Version 12.00
# Visual Studio Version 16
VisualStudioVersion = 16.0.31729.503
MinimumVisualStudioVersion = 10.0.40219.1
Project("{FAE04EC0-301F-11D3-BF4B-00C04F79EFBC}") = "Lab_18 Colection", "Lab_18 Colection.csproj", "{B779D668-284B-47B2-BC31-281EBD725967}"
EndProject
Global
	GlobalSection(SolutionConfigurationPlatforms) = preSolution
		Debug|Any CPU = Debug|Any CPU
		Release|Any CPU = Release|Any CPU
	EndGlobalSection
	GlobalSection(ProjectConfigurationPlatforms) = postSolution
		{B779D668-284B-47B2-BC31-281EBD725967}.Debug|Any CPU.ActiveCfg = Debug|Any CPU
		{B779D668-284B-47B2-BC31-281EBD725967}.Debug|Any CPU.Build.0 = Debug|Any CPU
		{B779D668-284B-47B2-BC31-281EBD725967}.Release|Any CPU.ActiveCfg = Release|Any CPU
		{B779D668-284B-47B2-BC31-281EBD725967}.Release|Any CPU.Build.0 = Release|Any CPU
	EndGlobalSection
	GlobalSection(SolutionProperties) = preSolution
		HideSolutionNode = FALSE
	EndGlobalSection
	GlobalSection(ExtensibilityGlobals) = postSolution
		SolutionGuid = {5DA96103-9A7E-4A06-899C-F9FFB1F8DE3D}
	EndGlobalSection
EndGlobal
